<?xml version="1.0" encoding="utf-8"?>
<Project ToolsVersion="4.0" xmlns="http://schemas.microsoft.com/developer/msbuild/2003">
  <ItemGroup>
    <Filter Include="JFunction">
      <UniqueIdentifier>{b85713b7-e781-496e-b37a-9020d04f8d54}</UniqueIdentifier>
    </Filter>
    <Filter Include="TestMain">
      <UniqueIdentifier>{5b5d0fff-b576-4407-be8c-f94b16534870}</UniqueIdentifier>
    </Filter>
  </ItemGroup>
  <ItemGroup>
    <ClCompile Include="TestMain.cpp">
      <Filter>TestMain</Filter>
    </ClCompile>
  </ItemGroup>
  <ItemGroup>
    <ClInclude Include="JFunction.h">
      <Filter>JFunction</Filter>
    </ClInclude>
  </ItemGroup>
</Project>